// !$*UTF8*$!
{
	archiveVersion = 1;
	classes = {
	};
	objectVersion = 46;
	objects = {

/* Begin PBXBuildFile section */
		1E30CA101C871A9A00E6EC27 /* AppDelegate.swift in Sources */ = {isa = PBXBuildFile; fileRef = 1E30CA0F1C871A9A00E6EC27 /* AppDelegate.swift */; };
		1E30CA121C871A9A00E6EC27 /* ViewController.swift in Sources */ = {isa = PBXBuildFile; fileRef = 1E30CA111C871A9A00E6EC27 /* ViewController.swift */; };
		1E30CA151C871A9A00E6EC27 /* Main.storyboard in Resources */ = {isa = PBXBuildFile; fileRef = 1E30CA131C871A9A00E6EC27 /* Main.storyboard */; };
		1E30CA171C871A9A00E6EC27 /* Assets.xcassets in Resources */ = {isa = PBXBuildFile; fileRef = 1E30CA161C871A9A00E6EC27 /* Assets.xcassets */; };
		1E30CA1A1C871A9A00E6EC27 /* LaunchScreen.storyboard in Resources */ = {isa = PBXBuildFile; fileRef = 1E30CA181C871A9A00E6EC27 /* LaunchScreen.storyboard */; };
		1E30CA221C871C1500E6EC27 /* dog.png in Resources */ = {isa = PBXBuildFile; fileRef = 1E30CA211C871C1500E6EC27 /* dog.png */; };
/* End PBXBuildFile section */

/* Begin PBXFileReference section */
		1E30CA0C1C871A9A00E6EC27 /* FindDogAge.app */ = {isa = PBXFileReference; explicitFileType = wrapper.application; includeInIndex = 0; path = FindDogAge.app; sourceTree = BUILT_PRODUCTS_DIR; };
		1E30CA0F1C871A9A00E6EC27 /* AppDelegate.swift */ = {isa = PBXFileReference; lastKnownFileType = sourcecode.swift; path = AppDelegate.swift; sourceTree = "<group>"; };
		1E30CA111C871A9A00E6EC27 /* ViewController.swift */ = {isa = PBXFileReference; lastKnownFileType = sourcecode.swift; path = ViewController.swift; sourceTree = "<group>"; };
		1E30CA141C871A9A00E6EC27 /* Base */ = {isa = PBXFileReference; lastKnownFileType = file.storyboard; name = Base; path = Base.lproj/Main.storyboard; sourceTree = "<group>"; };
		1E30CA161C871A9A00E6EC27 /* Assets.xcassets */ = {isa = PBXFileReference; lastKnownFileType = folder.assetcatalog; path = Assets.xcassets; sourceTree = "<group>"; };
		1E30CA191C871A9A00E6EC27 /* Base */ = {isa = PBXFileReference; lastKnownFileType = file.storyboard; name = Base; path = Base.lproj/LaunchScreen.storyboard; sourceTree = "<group>"; };
		1E30CA1B1C871A9A00E6EC27 /* Info.plist */ = {isa = PBXFileReference; lastKnownFileType = text.plist.xml; path = Info.plist; sourceTree = "<group>"; };
		1E30CA211C871C1500E6EC27 /* dog.png */ = {isa = PBXFileReference; lastKnownFileType = image.png; path = dog.png; sourceTree = "<group>"; };
/* End PBXFileReference section */

/* Begin PBXFrameworksBuildPhase section */
		1E30CA091C871A9A00E6EC27 /* Frameworks */ = {
			isa = PBXFrameworksBuildPhase;
			buildActionMask = 2147483647;
			files = (
			);
			runOnlyForDeploymentPostprocessing = 0;
		};
/* End PBXFrameworksBuildPhase section */

/* Begin PBXGroup section */
		1E30CA031C871A9A00E6EC27 = {
			isa = PBXGroup;
			children = (
				1E30CA0E1C871A9A00E6EC27 /* FindDogAge */,
				1E30CA0D1C871A9A00E6EC27 /* Products */,
			);
			sourceTree = "<group>";
		};
		1E30CA0D1C871A9A00E6EC27 /* Products */ = {
			isa = PBXGroup;
			children = (
				1E30CA0C1C871A9A00E6EC27 /* FindDogAge.app */,
			);
			name = Products;
			sourceTree = "<group>";
		};
		1E30CA0E1C871A9A00E6EC27 /* FindDogAge */ = {
			isa = PBXGroup;
			children = (
				1E30CA0F1C871A9A00E6EC27 /* AppDelegate.swift */,
				1E30CA111C871A9A00E6EC27 /* ViewController.swift */,
				1E30CA131C871A9A00E6EC27 /* Main.storyboard */,
				1E30CA211C871C1500E6EC27 /* dog.png */,
				1E30CA161C871A9A00E6EC27 /* Assets.xcassets */,
				1E30CA181C871A9A00E6EC27 /* LaunchScreen.storyboard */,
				1E30CA1B1C871A9A00E6EC27 /* Info.plist */,
			);
			path = FindDogAge;
			sourceTree = "<group>";
		};
/* End PBXGroup section */

/* Begin PBXNativeTarget section */
		1E30CA0B1C871A9A00E6EC27 /* FindDogAge */ = {
			isa = PBXNativeTarget;
			buildConfigurationList = 1E30CA1E1C871A9A00E6EC27 /* Build configuration list for PBXNativeTarget "FindDogAge" */;
			buildPhases = (
				1E30CA081C871A9A00E6EC27 /* Sources */,
				1E30CA091C871A9A00E6EC27 /* Frameworks */,
				1E30CA0A1C871A9A00E6EC27 /* Resources */,
			);
			buildRules = (
			);
			dependencies = (
			);
			name = FindDogAge;
			productName = FindDogAge;
			productReference = 1E30CA0C1C871A9A00E6EC27 /* FindDogAge.app */;
			productType = "com.apple.product-type.application";
		};
/* End PBXNativeTarget section */

/* Begin PBXProject section */
		1E30CA041C871A9A00E6EC27 /* Project object */ = {
			isa = PBXProject;
			attributes = {
				LastSwiftUpdateCheck = 0720;
				LastUpgradeCheck = 0720;
				ORGANIZATIONNAME = "이승희";
				TargetAttributes = {
					1E30CA0B1C871A9A00E6EC27 = {
						CreatedOnToolsVersion = 7.2;
					};
				};
			};
			buildConfigurationList = 1E30CA071C871A9A00E6EC27 /* Build configuration list for PBXProject "FindDogAge" */;
			compatibilityVersion = "Xcode 3.2";
			developmentRegion = English;
			hasScannedForEncodings = 0;
			knownRegions = (
				en,
				Base,
			);
			mainGroup = 1E30CA031C871A9A00E6EC27;
			productRefGroup = 1E30CA0D1C871A9A00E6EC27 /* Products */;
			projectDirPath = "";
			projectRoot = "";
			targets = (
				1E30CA0B1C871A9A00E6EC27 /* FindDogAge */,
			);
		};
/* End PBXProject section */

/* Begin PBXResourcesBuildPhase section */
		1E30CA0A1C871A9A00E6EC27 /* Resources */ = {
			isa = PBXResourcesBuildPhase;
			buildActionMask = 2147483647;
			files = (
				1E30CA221C871C1500E6EC27 /* dog.png in Resources */,
				1E30CA1A1C871A9A00E6EC27 /* LaunchScreen.storyboard in Resources */,
				1E30CA171C871A9A00E6EC27 /* Assets.xcassets in Resources */,
				1E30CA151C871A9A00E6EC27 /* Main.storyboard in Resources */,
			);
			runOnlyForDeploymentPostprocessing = 0;
		};
/* End PBXResourcesBuildPhase section */

/* Begin PBXSourcesBuildPhase section */
		1E30CA081C871A9A00E6EC27 /* Sources */ = {
			isa = PBXSourcesBuildPhase;
			buildActionMask = 2147483647;
			files = (
				1E30CA121C871A9A00E6EC27 /* ViewController.swift in Sources */,
				1E30CA101C871A9A00E6EC27 /* AppDelegate.swift in Sources */,
			);
			runOnlyForDeploymentPostprocessing = 0;
		};
/* End PBXSourcesBuildPhase section */

/* Begin PBXVariantGroup section */
		1E30CA131C871A9A00E6EC27 /* Main.storyboard */ = {
			isa = PBXVariantGroup;
			children = (
				1E30CA141C871A9A00E6EC27 /* Base */,
			);
			name = Main.storyboard;
			sourceTree = "<group>";
		};
		1E30CA181C871A9A00E6EC27 /* LaunchScreen.storyboard */ = {
			isa = PBXVariantGroup;
			children = (
				1E30CA191C871A9A00E6EC27 /* Base */,
			);
			name = LaunchScreen.storyboard;
			sourceTree = "<group>";
		};
/* End PBXVariantGroup section */

/* Begin XCBuildConfiguration section */
		1E30CA1C1C871A9A00E6EC27 /* Debug */ = {
			isa = XCBuildConfiguration;
			buildSettings = {
				ALWAYS_SEARCH_USER_PATHS = NO;
				CLANG_CXX_LANGUAGE_STANDARD = "gnu++0x";
				CLANG_CXX_LIBRARY = "libc++";
				CLANG_ENABLE_MODULES = YES;
				CLANG_ENABLE_OBJC_ARC = YES;
				CLANG_WARN_BOOL_CONVERSION = YES;
				CLANG_WARN_CONSTANT_CONVERSION = YES;
				CLANG_WARN_DIRECT_OBJC_ISA_USAGE = YES_ERROR;
				CLANG_WARN_EMPTY_BODY = YES;
				CLANG_WARN_ENUM_CONVERSION = YES;
				CLANG_WARN_INT_CONVERSION = YES;
				CLANG_WARN_OBJC_ROOT_CLASS = YES_ERROR;
				CLANG_WARN_UNREACHABLE_CODE = YES;
				CLANG_WARN__DUPLICATE_METHOD_MATCH = YES;
				"CODE_SIGN_IDENTITY[sdk=iphoneos*]" = "iPhone Developer";
				COPY_PHASE_STRIP = NO;
				DEBUG_INFORMATION_FORMAT = dwarf;
				ENABLE_STRICT_OBJC_MSGSEND = YES;
				ENABLE_TESTABILITY = YES;
				GCC_C_LANGUAGE_STANDARD = gnu99;
				GCC_DYNAMIC_NO_PIC = NO;
				GCC_NO_COMMON_BLOCKS = YES;
				GCC_OPTIMIZATION_LEVEL = 0;
				GCC_PREPROCESSOR_DEFINITIONS = (
					"DEBUG=1",
					"$(inherited)",
				);
				GCC_WARN_64_TO_32_BIT_CONVERSION = YES;
				GCC_WARN_ABOUT_RETURN_TYPE = YES_ERROR;
				GCC_WARN_UNDECLARED_SELECTOR = YES;
				GCC_WARN_UNINITIALIZED_AUTOS = YES_AGGRESSIVE;
				GCC_WARN_UNUSED_FUNCTION = YES;
				GCC_WARN_UNUSED_VARIABLE = YES;
				IPHONEOS_DEPLOYMENT_TARGET = 9.2;
				MTL_ENABLE_DEBUG_INFO = YES;
				ONLY_ACTIVE_ARCH = YES;
				SDKROOT = iphoneos;
				SWIFT_OPTIMIZATION_LEVEL = "-Onone";
			};
			name = Debug;
		};
		1E30CA1D1C871A9A00E6EC27 /* Release */ = {
			isa = XCBuildConfiguration;
			buildSettings = {
				ALWAYS_SEARCH_USER_PATHS = NO;
				CLANG_CXX_LANGUAGE_STANDARD = "gnu++0x";
				CLANG_CXX_LIBRARY = "libc++";
				CLANG_ENABLE_MODULES = YES;
				CLANG_ENABLE_OBJC_ARC = YES;
				CLANG_WARN_BOOL_CONVERSION = YES;
				CLANG_WARN_CONSTANT_CONVERSION = YES;
				CLANG_WARN_DIRECT_OBJC_ISA_USAGE = YES_ERROR;
				CLANG_WARN_EMPTY_BODY = YES;
				CLANG_WARN_ENUM_CONVERSION = YES;
				CLANG_WARN_INT_CONVERSION = YES;
				CLANG_WARN_OBJC_ROOT_CLASS = YES_ERROR;
				CLANG_WARN_UNREACHABLE_CODE = YES;
				CLANG_WARN__DUPLICATE_METHOD_MATCH = YES;
				"CODE_SIGN_IDENTITY[sdk=iphoneos*]" = "iPhone Developer";
				COPY_PHASE_STRIP = NO;
				DEBUG_INFORMATION_FORMAT = "dwarf-with-dsym";
				ENABLE_NS_ASSERTIONS = NO;
				ENABLE_STRICT_OBJC_MSGSEND = YES;
				GCC_C_LANGUAGE_STANDARD = gnu99;
				GCC_NO_COMMON_BLOCKS = YES;
				GCC_WARN_64_TO_32_BIT_CONVERSION = YES;
				GCC_WARN_ABOUT_RETURN_TYPE = YES_ERROR;
				GCC_WARN_UNDECLARED_SELECTOR = YES;
				GCC_WARN_UNINITIALIZED_AUTOS = YES_AGGRESSIVE;
				GCC_WARN_UNUSED_FUNCTION = YES;
				GCC_WARN_UNUSED_VARIABLE = YES;
				IPHONEOS_DEPLOYMENT_TARGET = 9.2;
				MTL_ENABLE_DEBUG_INFO = NO;
				SDKROOT = iphoneos;
				VALIDATE_PRODUCT = YES;
			};
			name = Release;
		};
		1E30CA1F1C871A9A00E6EC27 /* Debug */ = {
			isa = XCBuildConfiguration;
			buildSettings = {
				ASSETCATALOG_COMPILER_APPICON_NAME = AppIcon;
				INFOPLIST_FILE = FindDogAge/Info.plist;
				LD_RUNPATH_SEARCH_PATHS = "$(inherited) @executable_path/Frameworks";
				PRODUCT_BUNDLE_IDENTIFIER = seung.FindDogAge;
				PRODUCT_NAME = "$(TARGET_NAME)";
			};
			name = Debug;
		};
		1E30CA201C871A9A00E6EC27 /* Release */ = {
			isa = XCBuildConfiguration;
			buildSettings = {
				ASSETCATALOG_COMPILER_APPICON_NAME = AppIcon;
				INFOPLIST_FILE = FindDogAge/Info.plist;
				LD_RUNPATH_SEARCH_PATHS = "$(inherited) @executable_path/Frameworks";
				PRODUCT_BUNDLE_IDENTIFIER = seung.FindDogAge;
				PRODUCT_NAME = "$(TARGET_NAME)";
			};
			name = Release;
		};
/* End XCBuildConfiguration section */

/* Begin XCConfigurationList section */
		1E30CA071C871A9A00E6EC27 /* Build configuration list for PBXProject "FindDogAge" */ = {
			isa = XCConfigurationList;
			buildConfigurations = (
				1E30CA1C1C871A9A00E6EC27 /* Debug */,
				1E30CA1D1C871A9A00E6EC27 /* Release */,
			);
			defaultConfigurationIsVisible = 0;
			defaultConfigurationName = Release;
		};
		1E30CA1E1C871A9A00E6EC27 /* Build configuration list for PBXNativeTarget "FindDogAge" */ = {
			isa = XCConfigurationList;
			buildConfigurations = (
				1E30CA1F1C871A9A00E6EC27 /* Debug */,
				1E30CA201C871A9A00E6EC27 /* Release */,
			);
			defaultConfigurationIsVisible = 0;
		};
/* End XCConfigurationList section */
	};
	rootObject = 1E30CA041C871A9A00E6EC27 /* Project object */;
}
